
Microsoft Visual Studio Solution File, Format Version 12.00
# Visual Studio Version 17
VisualStudioVersion = 17.3.32922.545
MinimumVisualStudioVersion = 10.0.40219.1
Project("{9A19103F-16F7-4668-BE54-9A1E7A4F7556}") = "FileVisitor.Demo", "FileVisitor.Demo\FileVisitor.Demo.csproj", "{7BDDA296-5CDD-4A19-BA37-599B32D7B9CD}"
EndProject
Project("{9A19103F-16F7-4668-BE54-9A1E7A4F7556}") = "FileVisitor", "FileVisitor\FileVisitor.csproj", "{8917E0CD-C32E-4026-98EB-193543D4AB08}"
EndProject
Project("{FAE04EC0-301F-11D3-BF4B-00C04F79EFBC}") = "FileVisitor.Tests", "FileVisitor.Tests\FileVisitor.Tests.csproj", "{901412DD-1A60-4974-A26F-822E038B62C3}"
EndProject
Global
	GlobalSection(SolutionConfigurationPlatforms) = preSolution
		Debug|Any CPU = Debug|Any CPU
		Release|Any CPU = Release|Any CPU
	EndGlobalSection
	GlobalSection(ProjectConfigurationPlatforms) = postSolution
		{7BDDA296-5CDD-4A19-BA37-599B32D7B9CD}.Debug|Any CPU.ActiveCfg = Debug|Any CPU
		{7BDDA296-5CDD-4A19-BA37-599B32D7B9CD}.Debug|Any CPU.Build.0 = Debug|Any CPU
		{7BDDA296-5CDD-4A19-BA37-599B32D7B9CD}.Release|Any CPU.ActiveCfg = Release|Any CPU
		{7BDDA296-5CDD-4A19-BA37-599B32D7B9CD}.Release|Any CPU.Build.0 = Release|Any CPU
		{8917E0CD-C32E-4026-98EB-193543D4AB08}.Debug|Any CPU.ActiveCfg = Debug|Any CPU
		{8917E0CD-C32E-4026-98EB-193543D4AB08}.Debug|Any CPU.Build.0 = Debug|Any CPU
		{8917E0CD-C32E-4026-98EB-193543D4AB08}.Release|Any CPU.ActiveCfg = Release|Any CPU
		{8917E0CD-C32E-4026-98EB-193543D4AB08}.Release|Any CPU.Build.0 = Release|Any CPU
		{901412DD-1A60-4974-A26F-822E038B62C3}.Debug|Any CPU.ActiveCfg = Debug|Any CPU
		{901412DD-1A60-4974-A26F-822E038B62C3}.Debug|Any CPU.Build.0 = Debug|Any CPU
		{901412DD-1A60-4974-A26F-822E038B62C3}.Release|Any CPU.ActiveCfg = Release|Any CPU
		{901412DD-1A60-4974-A26F-822E038B62C3}.Release|Any CPU.Build.0 = Release|Any CPU
	EndGlobalSection
	GlobalSection(SolutionProperties) = preSolution
		HideSolutionNode = FALSE
	EndGlobalSection
	GlobalSection(ExtensibilityGlobals) = postSolution
		SolutionGuid = {1F133EF6-7F86-458C-AF55-A0D8F954E0FE}
	EndGlobalSection
EndGlobal
