
Microsoft Visual Studio Solution File, Format Version 12.00
# Visual Studio Version 17
VisualStudioVersion = 17.0.31903.59
MinimumVisualStudioVersion = 10.0.40219.1
Project("{FAE04EC0-301F-11D3-BF4B-00C04F79EFBC}") = "AdoNetFundamentals", "AdoNetFundamentals\AdoNetFundamentals.csproj", "{6FAB7EA1-ECAA-4739-8286-7E99E468369D}"
EndProject
Project("{FAE04EC0-301F-11D3-BF4B-00C04F79EFBC}") = "AdoNetFundamentals.Tests", "AdoNetFundamentals.Tests\AdoNetFundamentals.Tests.csproj", "{963DC23C-D087-4975-B46F-A11AB27DF088}"
EndProject
Global
	GlobalSection(SolutionConfigurationPlatforms) = preSolution
		Debug|Any CPU = Debug|Any CPU
		Release|Any CPU = Release|Any CPU
	EndGlobalSection
	GlobalSection(SolutionProperties) = preSolution
		HideSolutionNode = FALSE
	EndGlobalSection
	GlobalSection(ProjectConfigurationPlatforms) = postSolution
		{6FAB7EA1-ECAA-4739-8286-7E99E468369D}.Debug|Any CPU.ActiveCfg = Debug|Any CPU
		{6FAB7EA1-ECAA-4739-8286-7E99E468369D}.Debug|Any CPU.Build.0 = Debug|Any CPU
		{6FAB7EA1-ECAA-4739-8286-7E99E468369D}.Release|Any CPU.ActiveCfg = Release|Any CPU
		{6FAB7EA1-ECAA-4739-8286-7E99E468369D}.Release|Any CPU.Build.0 = Release|Any CPU
		{963DC23C-D087-4975-B46F-A11AB27DF088}.Debug|Any CPU.ActiveCfg = Debug|Any CPU
		{963DC23C-D087-4975-B46F-A11AB27DF088}.Debug|Any CPU.Build.0 = Debug|Any CPU
		{963DC23C-D087-4975-B46F-A11AB27DF088}.Release|Any CPU.ActiveCfg = Release|Any CPU
		{963DC23C-D087-4975-B46F-A11AB27DF088}.Release|Any CPU.Build.0 = Release|Any CPU
	EndGlobalSection
EndGlobal
