
Microsoft Visual Studio Solution File, Format Version 12.00
# Visual Studio Version 17
VisualStudioVersion = 17.0.31903.59
MinimumVisualStudioVersion = 10.0.40219.1
Project("{9A19103F-16F7-4668-BE54-9A1E7A4F7556}") = "SerializationTask.Binary", "SerializationTask.Binary\SerializationTask.Binary.csproj", "{D594A889-88E1-4E65-91BF-1602ED41D89D}"
EndProject
Project("{9A19103F-16F7-4668-BE54-9A1E7A4F7556}") = "SerializationTask.Json", "SerializationTask.Json\SerializationTask.Json.csproj", "{0C86E9DA-0412-4A50-BBEA-20EF7D8A4779}"
EndProject
Project("{9A19103F-16F7-4668-BE54-9A1E7A4F7556}") = "SerializationTask.Xml", "SerializationTask.Xml\SerializationTask.Xml.csproj", "{E352AB89-F7A1-4740-B418-8851880B6D86}"
EndProject
Project("{FAE04EC0-301F-11D3-BF4B-00C04F79EFBC}") = "Serialization.CustomBinary", "Serialization.CustomBinary\Serialization.CustomBinary.csproj", "{5DE9C1CD-6472-44BE-BDAA-7FFD1D33A5E8}"
EndProject
Project("{FAE04EC0-301F-11D3-BF4B-00C04F79EFBC}") = "Serialization.DeepCloning", "Serialization.DeepCloning\Serialization.DeepCloning.csproj", "{69186CB4-384C-429A-82DD-74CEE65A2174}"
EndProject
Global
	GlobalSection(SolutionConfigurationPlatforms) = preSolution
		Debug|Any CPU = Debug|Any CPU
		Release|Any CPU = Release|Any CPU
	EndGlobalSection
	GlobalSection(ProjectConfigurationPlatforms) = postSolution
		{D594A889-88E1-4E65-91BF-1602ED41D89D}.Debug|Any CPU.ActiveCfg = Debug|Any CPU
		{D594A889-88E1-4E65-91BF-1602ED41D89D}.Debug|Any CPU.Build.0 = Debug|Any CPU
		{D594A889-88E1-4E65-91BF-1602ED41D89D}.Release|Any CPU.ActiveCfg = Release|Any CPU
		{D594A889-88E1-4E65-91BF-1602ED41D89D}.Release|Any CPU.Build.0 = Release|Any CPU
		{0C86E9DA-0412-4A50-BBEA-20EF7D8A4779}.Debug|Any CPU.ActiveCfg = Debug|Any CPU
		{0C86E9DA-0412-4A50-BBEA-20EF7D8A4779}.Debug|Any CPU.Build.0 = Debug|Any CPU
		{0C86E9DA-0412-4A50-BBEA-20EF7D8A4779}.Release|Any CPU.ActiveCfg = Release|Any CPU
		{0C86E9DA-0412-4A50-BBEA-20EF7D8A4779}.Release|Any CPU.Build.0 = Release|Any CPU
		{E352AB89-F7A1-4740-B418-8851880B6D86}.Debug|Any CPU.ActiveCfg = Debug|Any CPU
		{E352AB89-F7A1-4740-B418-8851880B6D86}.Debug|Any CPU.Build.0 = Debug|Any CPU
		{E352AB89-F7A1-4740-B418-8851880B6D86}.Release|Any CPU.ActiveCfg = Release|Any CPU
		{E352AB89-F7A1-4740-B418-8851880B6D86}.Release|Any CPU.Build.0 = Release|Any CPU
		{5DE9C1CD-6472-44BE-BDAA-7FFD1D33A5E8}.Debug|Any CPU.ActiveCfg = Debug|Any CPU
		{5DE9C1CD-6472-44BE-BDAA-7FFD1D33A5E8}.Debug|Any CPU.Build.0 = Debug|Any CPU
		{5DE9C1CD-6472-44BE-BDAA-7FFD1D33A5E8}.Release|Any CPU.ActiveCfg = Release|Any CPU
		{5DE9C1CD-6472-44BE-BDAA-7FFD1D33A5E8}.Release|Any CPU.Build.0 = Release|Any CPU
		{69186CB4-384C-429A-82DD-74CEE65A2174}.Debug|Any CPU.ActiveCfg = Debug|Any CPU
		{69186CB4-384C-429A-82DD-74CEE65A2174}.Debug|Any CPU.Build.0 = Debug|Any CPU
		{69186CB4-384C-429A-82DD-74CEE65A2174}.Release|Any CPU.ActiveCfg = Release|Any CPU
		{69186CB4-384C-429A-82DD-74CEE65A2174}.Release|Any CPU.Build.0 = Release|Any CPU
	EndGlobalSection
	GlobalSection(SolutionProperties) = preSolution
		HideSolutionNode = FALSE
	EndGlobalSection
	GlobalSection(ExtensibilityGlobals) = postSolution
		SolutionGuid = {0B23BB8A-5500-4729-B74D-CAFC5C89DE9E}
	EndGlobalSection
EndGlobal
